
Microsoft Visual Studio Solution File, Format Version 12.00
# Visual Studio Version 17
VisualStudioVersion = 17.0.31903.59
MinimumVisualStudioVersion = 10.0.40219.1
Project("{2150E333-8FDC-42A3-9474-1A3956D46DE8}") = "src", "src", "{827E0CD3-B72D-47B6-A68D-7590B98EB39B}"
EndProject
Project("{FAE04EC0-301F-11D3-BF4B-00C04F79EFBC}") = "MeAiUtility.MultiProvider", "src\MeAiUtility.MultiProvider\MeAiUtility.MultiProvider.csproj", "{485486DE-B786-4668-AAF2-6A2404A1EEB4}"
EndProject
Project("{FAE04EC0-301F-11D3-BF4B-00C04F79EFBC}") = "MeAiUtility.MultiProvider.AzureOpenAI", "src\MeAiUtility.MultiProvider.AzureOpenAI\MeAiUtility.MultiProvider.AzureOpenAI.csproj", "{89534A49-B313-4B8D-AAE5-6EE6004941CB}"
EndProject
Project("{FAE04EC0-301F-11D3-BF4B-00C04F79EFBC}") = "MeAiUtility.MultiProvider.GitHubCopilot", "src\MeAiUtility.MultiProvider.GitHubCopilot\MeAiUtility.MultiProvider.GitHubCopilot.csproj", "{1102A211-5A62-432D-8298-C1045CF78D95}"
EndProject
Project("{FAE04EC0-301F-11D3-BF4B-00C04F79EFBC}") = "MeAiUtility.MultiProvider.OpenAI", "src\MeAiUtility.MultiProvider.OpenAI\MeAiUtility.MultiProvider.OpenAI.csproj", "{431634C7-9F13-4FAB-ACCB-9DBE1E975CDF}"
EndProject
Project("{FAE04EC0-301F-11D3-BF4B-00C04F79EFBC}") = "MeAiUtility.MultiProvider.Samples", "src\MeAiUtility.MultiProvider.Samples\MeAiUtility.MultiProvider.Samples.csproj", "{E8370714-14E2-4B35-B003-BE7D80F7DF41}"
EndProject
Project("{2150E333-8FDC-42A3-9474-1A3956D46DE8}") = "tests", "tests", "{0AB3BF05-4346-4AA6-1389-037BE0695223}"
EndProject
Project("{FAE04EC0-301F-11D3-BF4B-00C04F79EFBC}") = "MeAiUtility.MultiProvider.AzureOpenAI.Tests", "tests\MeAiUtility.MultiProvider.AzureOpenAI.Tests\MeAiUtility.MultiProvider.AzureOpenAI.Tests.csproj", "{CB2B2907-E478-4CF0-9284-14AFC4E5B8EF}"
EndProject
Project("{FAE04EC0-301F-11D3-BF4B-00C04F79EFBC}") = "MeAiUtility.MultiProvider.GitHubCopilot.Tests", "tests\MeAiUtility.MultiProvider.GitHubCopilot.Tests\MeAiUtility.MultiProvider.GitHubCopilot.Tests.csproj", "{C3A109A5-B217-44E2-905F-C4A8D90E3AB0}"
EndProject
Project("{FAE04EC0-301F-11D3-BF4B-00C04F79EFBC}") = "MeAiUtility.MultiProvider.IntegrationTests", "tests\MeAiUtility.MultiProvider.IntegrationTests\MeAiUtility.MultiProvider.IntegrationTests.csproj", "{D60C0E6E-86FB-4FCB-ABC1-3EBDD0C9561A}"
EndProject
Project("{FAE04EC0-301F-11D3-BF4B-00C04F79EFBC}") = "MeAiUtility.MultiProvider.OpenAI.Tests", "tests\MeAiUtility.MultiProvider.OpenAI.Tests\MeAiUtility.MultiProvider.OpenAI.Tests.csproj", "{C1AB0130-221B-4498-BEBE-C928A77B157F}"
EndProject
Project("{FAE04EC0-301F-11D3-BF4B-00C04F79EFBC}") = "MeAiUtility.MultiProvider.Tests", "tests\MeAiUtility.MultiProvider.Tests\MeAiUtility.MultiProvider.Tests.csproj", "{AA1D86D7-68D2-49E4-A6B3-DAFF573051A7}"
EndProject
Project("{FAE04EC0-301F-11D3-BF4B-00C04F79EFBC}") = "MeAiUtility.MultiProvider.CodexAppServer", "src\MeAiUtility.MultiProvider.CodexAppServer\MeAiUtility.MultiProvider.CodexAppServer.csproj", "{CC431945-54D7-4BB3-947F-90D063825525}"
EndProject
Project("{FAE04EC0-301F-11D3-BF4B-00C04F79EFBC}") = "MeAiUtility.MultiProvider.CodexAppServer.Tests", "tests\MeAiUtility.MultiProvider.CodexAppServer.Tests\MeAiUtility.MultiProvider.CodexAppServer.Tests.csproj", "{EA1F499F-E8A1-42FF-BA28-1F6544B82BE8}"
EndProject
Global
	GlobalSection(SolutionConfigurationPlatforms) = preSolution
		Debug|Any CPU = Debug|Any CPU
		Debug|x64 = Debug|x64
		Debug|x86 = Debug|x86
		Release|Any CPU = Release|Any CPU
		Release|x64 = Release|x64
		Release|x86 = Release|x86
	EndGlobalSection
	GlobalSection(ProjectConfigurationPlatforms) = postSolution
		{485486DE-B786-4668-AAF2-6A2404A1EEB4}.Debug|Any CPU.ActiveCfg = Debug|Any CPU
		{485486DE-B786-4668-AAF2-6A2404A1EEB4}.Debug|Any CPU.Build.0 = Debug|Any CPU
		{485486DE-B786-4668-AAF2-6A2404A1EEB4}.Debug|x64.ActiveCfg = Debug|Any CPU
		{485486DE-B786-4668-AAF2-6A2404A1EEB4}.Debug|x64.Build.0 = Debug|Any CPU
		{485486DE-B786-4668-AAF2-6A2404A1EEB4}.Debug|x86.ActiveCfg = Debug|Any CPU
		{485486DE-B786-4668-AAF2-6A2404A1EEB4}.Debug|x86.Build.0 = Debug|Any CPU
		{485486DE-B786-4668-AAF2-6A2404A1EEB4}.Release|Any CPU.ActiveCfg = Release|Any CPU
		{485486DE-B786-4668-AAF2-6A2404A1EEB4}.Release|Any CPU.Build.0 = Release|Any CPU
		{485486DE-B786-4668-AAF2-6A2404A1EEB4}.Release|x64.ActiveCfg = Release|Any CPU
		{485486DE-B786-4668-AAF2-6A2404A1EEB4}.Release|x64.Build.0 = Release|Any CPU
		{485486DE-B786-4668-AAF2-6A2404A1EEB4}.Release|x86.ActiveCfg = Release|Any CPU
		{485486DE-B786-4668-AAF2-6A2404A1EEB4}.Release|x86.Build.0 = Release|Any CPU
		{89534A49-B313-4B8D-AAE5-6EE6004941CB}.Debug|Any CPU.ActiveCfg = Debug|Any CPU
		{89534A49-B313-4B8D-AAE5-6EE6004941CB}.Debug|Any CPU.Build.0 = Debug|Any CPU
		{89534A49-B313-4B8D-AAE5-6EE6004941CB}.Debug|x64.ActiveCfg = Debug|Any CPU
		{89534A49-B313-4B8D-AAE5-6EE6004941CB}.Debug|x64.Build.0 = Debug|Any CPU
		{89534A49-B313-4B8D-AAE5-6EE6004941CB}.Debug|x86.ActiveCfg = Debug|Any CPU
		{89534A49-B313-4B8D-AAE5-6EE6004941CB}.Debug|x86.Build.0 = Debug|Any CPU
		{89534A49-B313-4B8D-AAE5-6EE6004941CB}.Release|Any CPU.ActiveCfg = Release|Any CPU
		{89534A49-B313-4B8D-AAE5-6EE6004941CB}.Release|Any CPU.Build.0 = Release|Any CPU
		{89534A49-B313-4B8D-AAE5-6EE6004941CB}.Release|x64.ActiveCfg = Release|Any CPU
		{89534A49-B313-4B8D-AAE5-6EE6004941CB}.Release|x64.Build.0 = Release|Any CPU
		{89534A49-B313-4B8D-AAE5-6EE6004941CB}.Release|x86.ActiveCfg = Release|Any CPU
		{89534A49-B313-4B8D-AAE5-6EE6004941CB}.Release|x86.Build.0 = Release|Any CPU
		{1102A211-5A62-432D-8298-C1045CF78D95}.Debug|Any CPU.ActiveCfg = Debug|Any CPU
		{1102A211-5A62-432D-8298-C1045CF78D95}.Debug|Any CPU.Build.0 = Debug|Any CPU
		{1102A211-5A62-432D-8298-C1045CF78D95}.Debug|x64.ActiveCfg = Debug|Any CPU
		{1102A211-5A62-432D-8298-C1045CF78D95}.Debug|x64.Build.0 = Debug|Any CPU
		{1102A211-5A62-432D-8298-C1045CF78D95}.Debug|x86.ActiveCfg = Debug|Any CPU
		{1102A211-5A62-432D-8298-C1045CF78D95}.Debug|x86.Build.0 = Debug|Any CPU
		{1102A211-5A62-432D-8298-C1045CF78D95}.Release|Any CPU.ActiveCfg = Release|Any CPU
		{1102A211-5A62-432D-8298-C1045CF78D95}.Release|Any CPU.Build.0 = Release|Any CPU
		{1102A211-5A62-432D-8298-C1045CF78D95}.Release|x64.ActiveCfg = Release|Any CPU
		{1102A211-5A62-432D-8298-C1045CF78D95}.Release|x64.Build.0 = Release|Any CPU
		{1102A211-5A62-432D-8298-C1045CF78D95}.Release|x86.ActiveCfg = Release|Any CPU
		{1102A211-5A62-432D-8298-C1045CF78D95}.Release|x86.Build.0 = Release|Any CPU
		{431634C7-9F13-4FAB-ACCB-9DBE1E975CDF}.Debug|Any CPU.ActiveCfg = Debug|Any CPU
		{431634C7-9F13-4FAB-ACCB-9DBE1E975CDF}.Debug|Any CPU.Build.0 = Debug|Any CPU
		{431634C7-9F13-4FAB-ACCB-9DBE1E975CDF}.Debug|x64.ActiveCfg = Debug|Any CPU
		{431634C7-9F13-4FAB-ACCB-9DBE1E975CDF}.Debug|x64.Build.0 = Debug|Any CPU
		{431634C7-9F13-4FAB-ACCB-9DBE1E975CDF}.Debug|x86.ActiveCfg = Debug|Any CPU
		{431634C7-9F13-4FAB-ACCB-9DBE1E975CDF}.Debug|x86.Build.0 = Debug|Any CPU
		{431634C7-9F13-4FAB-ACCB-9DBE1E975CDF}.Release|Any CPU.ActiveCfg = Release|Any CPU
		{431634C7-9F13-4FAB-ACCB-9DBE1E975CDF}.Release|Any CPU.Build.0 = Release|Any CPU
		{431634C7-9F13-4FAB-ACCB-9DBE1E975CDF}.Release|x64.ActiveCfg = Release|Any CPU
		{431634C7-9F13-4FAB-ACCB-9DBE1E975CDF}.Release|x64.Build.0 = Release|Any CPU
		{431634C7-9F13-4FAB-ACCB-9DBE1E975CDF}.Release|x86.ActiveCfg = Release|Any CPU
		{431634C7-9F13-4FAB-ACCB-9DBE1E975CDF}.Release|x86.Build.0 = Release|Any CPU
		{E8370714-14E2-4B35-B003-BE7D80F7DF41}.Debug|Any CPU.ActiveCfg = Debug|Any CPU
		{E8370714-14E2-4B35-B003-BE7D80F7DF41}.Debug|Any CPU.Build.0 = Debug|Any CPU
		{E8370714-14E2-4B35-B003-BE7D80F7DF41}.Debug|x64.ActiveCfg = Debug|Any CPU
		{E8370714-14E2-4B35-B003-BE7D80F7DF41}.Debug|x64.Build.0 = Debug|Any CPU
		{E8370714-14E2-4B35-B003-BE7D80F7DF41}.Debug|x86.ActiveCfg = Debug|Any CPU
		{E8370714-14E2-4B35-B003-BE7D80F7DF41}.Debug|x86.Build.0 = Debug|Any CPU
		{E8370714-14E2-4B35-B003-BE7D80F7DF41}.Release|Any CPU.ActiveCfg = Release|Any CPU
		{E8370714-14E2-4B35-B003-BE7D80F7DF41}.Release|Any CPU.Build.0 = Release|Any CPU
		{E8370714-14E2-4B35-B003-BE7D80F7DF41}.Release|x64.ActiveCfg = Release|Any CPU
		{E8370714-14E2-4B35-B003-BE7D80F7DF41}.Release|x64.Build.0 = Release|Any CPU
		{E8370714-14E2-4B35-B003-BE7D80F7DF41}.Release|x86.ActiveCfg = Release|Any CPU
		{E8370714-14E2-4B35-B003-BE7D80F7DF41}.Release|x86.Build.0 = Release|Any CPU
		{CB2B2907-E478-4CF0-9284-14AFC4E5B8EF}.Debug|Any CPU.ActiveCfg = Debug|Any CPU
		{CB2B2907-E478-4CF0-9284-14AFC4E5B8EF}.Debug|Any CPU.Build.0 = Debug|Any CPU
		{CB2B2907-E478-4CF0-9284-14AFC4E5B8EF}.Debug|x64.ActiveCfg = Debug|Any CPU
		{CB2B2907-E478-4CF0-9284-14AFC4E5B8EF}.Debug|x64.Build.0 = Debug|Any CPU
		{CB2B2907-E478-4CF0-9284-14AFC4E5B8EF}.Debug|x86.ActiveCfg = Debug|Any CPU
		{CB2B2907-E478-4CF0-9284-14AFC4E5B8EF}.Debug|x86.Build.0 = Debug|Any CPU
		{CB2B2907-E478-4CF0-9284-14AFC4E5B8EF}.Release|Any CPU.ActiveCfg = Release|Any CPU
		{CB2B2907-E478-4CF0-9284-14AFC4E5B8EF}.Release|Any CPU.Build.0 = Release|Any CPU
		{CB2B2907-E478-4CF0-9284-14AFC4E5B8EF}.Release|x64.ActiveCfg = Release|Any CPU
		{CB2B2907-E478-4CF0-9284-14AFC4E5B8EF}.Release|x64.Build.0 = Release|Any CPU
		{CB2B2907-E478-4CF0-9284-14AFC4E5B8EF}.Release|x86.ActiveCfg = Release|Any CPU
		{CB2B2907-E478-4CF0-9284-14AFC4E5B8EF}.Release|x86.Build.0 = Release|Any CPU
		{C3A109A5-B217-44E2-905F-C4A8D90E3AB0}.Debug|Any CPU.ActiveCfg = Debug|Any CPU
		{C3A109A5-B217-44E2-905F-C4A8D90E3AB0}.Debug|Any CPU.Build.0 = Debug|Any CPU
		{C3A109A5-B217-44E2-905F-C4A8D90E3AB0}.Debug|x64.ActiveCfg = Debug|Any CPU
		{C3A109A5-B217-44E2-905F-C4A8D90E3AB0}.Debug|x64.Build.0 = Debug|Any CPU
		{C3A109A5-B217-44E2-905F-C4A8D90E3AB0}.Debug|x86.ActiveCfg = Debug|Any CPU
		{C3A109A5-B217-44E2-905F-C4A8D90E3AB0}.Debug|x86.Build.0 = Debug|Any CPU
		{C3A109A5-B217-44E2-905F-C4A8D90E3AB0}.Release|Any CPU.ActiveCfg = Release|Any CPU
		{C3A109A5-B217-44E2-905F-C4A8D90E3AB0}.Release|Any CPU.Build.0 = Release|Any CPU
		{C3A109A5-B217-44E2-905F-C4A8D90E3AB0}.Release|x64.ActiveCfg = Release|Any CPU
		{C3A109A5-B217-44E2-905F-C4A8D90E3AB0}.Release|x64.Build.0 = Release|Any CPU
		{C3A109A5-B217-44E2-905F-C4A8D90E3AB0}.Release|x86.ActiveCfg = Release|Any CPU
		{C3A109A5-B217-44E2-905F-C4A8D90E3AB0}.Release|x86.Build.0 = Release|Any CPU
		{D60C0E6E-86FB-4FCB-ABC1-3EBDD0C9561A}.Debug|Any CPU.ActiveCfg = Debug|Any CPU
		{D60C0E6E-86FB-4FCB-ABC1-3EBDD0C9561A}.Debug|Any CPU.Build.0 = Debug|Any CPU
		{D60C0E6E-86FB-4FCB-ABC1-3EBDD0C9561A}.Debug|x64.ActiveCfg = Debug|Any CPU
		{D60C0E6E-86FB-4FCB-ABC1-3EBDD0C9561A}.Debug|x64.Build.0 = Debug|Any CPU
		{D60C0E6E-86FB-4FCB-ABC1-3EBDD0C9561A}.Debug|x86.ActiveCfg = Debug|Any CPU
		{D60C0E6E-86FB-4FCB-ABC1-3EBDD0C9561A}.Debug|x86.Build.0 = Debug|Any CPU
		{D60C0E6E-86FB-4FCB-ABC1-3EBDD0C9561A}.Release|Any CPU.ActiveCfg = Release|Any CPU
		{D60C0E6E-86FB-4FCB-ABC1-3EBDD0C9561A}.Release|Any CPU.Build.0 = Release|Any CPU
		{D60C0E6E-86FB-4FCB-ABC1-3EBDD0C9561A}.Release|x64.ActiveCfg = Release|Any CPU
		{D60C0E6E-86FB-4FCB-ABC1-3EBDD0C9561A}.Release|x64.Build.0 = Release|Any CPU
		{D60C0E6E-86FB-4FCB-ABC1-3EBDD0C9561A}.Release|x86.ActiveCfg = Release|Any CPU
		{D60C0E6E-86FB-4FCB-ABC1-3EBDD0C9561A}.Release|x86.Build.0 = Release|Any CPU
		{C1AB0130-221B-4498-BEBE-C928A77B157F}.Debug|Any CPU.ActiveCfg = Debug|Any CPU
		{C1AB0130-221B-4498-BEBE-C928A77B157F}.Debug|Any CPU.Build.0 = Debug|Any CPU
		{C1AB0130-221B-4498-BEBE-C928A77B157F}.Debug|x64.ActiveCfg = Debug|Any CPU
		{C1AB0130-221B-4498-BEBE-C928A77B157F}.Debug|x64.Build.0 = Debug|Any CPU
		{C1AB0130-221B-4498-BEBE-C928A77B157F}.Debug|x86.ActiveCfg = Debug|Any CPU
		{C1AB0130-221B-4498-BEBE-C928A77B157F}.Debug|x86.Build.0 = Debug|Any CPU
		{C1AB0130-221B-4498-BEBE-C928A77B157F}.Release|Any CPU.ActiveCfg = Release|Any CPU
		{C1AB0130-221B-4498-BEBE-C928A77B157F}.Release|Any CPU.Build.0 = Release|Any CPU
		{C1AB0130-221B-4498-BEBE-C928A77B157F}.Release|x64.ActiveCfg = Release|Any CPU
		{C1AB0130-221B-4498-BEBE-C928A77B157F}.Release|x64.Build.0 = Release|Any CPU
		{C1AB0130-221B-4498-BEBE-C928A77B157F}.Release|x86.ActiveCfg = Release|Any CPU
		{C1AB0130-221B-4498-BEBE-C928A77B157F}.Release|x86.Build.0 = Release|Any CPU
		{AA1D86D7-68D2-49E4-A6B3-DAFF573051A7}.Debug|Any CPU.ActiveCfg = Debug|Any CPU
		{AA1D86D7-68D2-49E4-A6B3-DAFF573051A7}.Debug|Any CPU.Build.0 = Debug|Any CPU
		{AA1D86D7-68D2-49E4-A6B3-DAFF573051A7}.Debug|x64.ActiveCfg = Debug|Any CPU
		{AA1D86D7-68D2-49E4-A6B3-DAFF573051A7}.Debug|x64.Build.0 = Debug|Any CPU
		{AA1D86D7-68D2-49E4-A6B3-DAFF573051A7}.Debug|x86.ActiveCfg = Debug|Any CPU
		{AA1D86D7-68D2-49E4-A6B3-DAFF573051A7}.Debug|x86.Build.0 = Debug|Any CPU
		{AA1D86D7-68D2-49E4-A6B3-DAFF573051A7}.Release|Any CPU.ActiveCfg = Release|Any CPU
		{AA1D86D7-68D2-49E4-A6B3-DAFF573051A7}.Release|Any CPU.Build.0 = Release|Any CPU
		{AA1D86D7-68D2-49E4-A6B3-DAFF573051A7}.Release|x64.ActiveCfg = Release|Any CPU
		{AA1D86D7-68D2-49E4-A6B3-DAFF573051A7}.Release|x64.Build.0 = Release|Any CPU
		{AA1D86D7-68D2-49E4-A6B3-DAFF573051A7}.Release|x86.ActiveCfg = Release|Any CPU
		{AA1D86D7-68D2-49E4-A6B3-DAFF573051A7}.Release|x86.Build.0 = Release|Any CPU
		{CC431945-54D7-4BB3-947F-90D063825525}.Debug|Any CPU.ActiveCfg = Debug|Any CPU
		{CC431945-54D7-4BB3-947F-90D063825525}.Debug|Any CPU.Build.0 = Debug|Any CPU
		{CC431945-54D7-4BB3-947F-90D063825525}.Debug|x64.ActiveCfg = Debug|Any CPU
		{CC431945-54D7-4BB3-947F-90D063825525}.Debug|x64.Build.0 = Debug|Any CPU
		{CC431945-54D7-4BB3-947F-90D063825525}.Debug|x86.ActiveCfg = Debug|Any CPU
		{CC431945-54D7-4BB3-947F-90D063825525}.Debug|x86.Build.0 = Debug|Any CPU
		{CC431945-54D7-4BB3-947F-90D063825525}.Release|Any CPU.ActiveCfg = Release|Any CPU
		{CC431945-54D7-4BB3-947F-90D063825525}.Release|Any CPU.Build.0 = Release|Any CPU
		{CC431945-54D7-4BB3-947F-90D063825525}.Release|x64.ActiveCfg = Release|Any CPU
		{CC431945-54D7-4BB3-947F-90D063825525}.Release|x64.Build.0 = Release|Any CPU
		{CC431945-54D7-4BB3-947F-90D063825525}.Release|x86.ActiveCfg = Release|Any CPU
		{CC431945-54D7-4BB3-947F-90D063825525}.Release|x86.Build.0 = Release|Any CPU
		{EA1F499F-E8A1-42FF-BA28-1F6544B82BE8}.Debug|Any CPU.ActiveCfg = Debug|Any CPU
		{EA1F499F-E8A1-42FF-BA28-1F6544B82BE8}.Debug|Any CPU.Build.0 = Debug|Any CPU
		{EA1F499F-E8A1-42FF-BA28-1F6544B82BE8}.Debug|x64.ActiveCfg = Debug|Any CPU
		{EA1F499F-E8A1-42FF-BA28-1F6544B82BE8}.Debug|x64.Build.0 = Debug|Any CPU
		{EA1F499F-E8A1-42FF-BA28-1F6544B82BE8}.Debug|x86.ActiveCfg = Debug|Any CPU
		{EA1F499F-E8A1-42FF-BA28-1F6544B82BE8}.Debug|x86.Build.0 = Debug|Any CPU
		{EA1F499F-E8A1-42FF-BA28-1F6544B82BE8}.Release|Any CPU.ActiveCfg = Release|Any CPU
		{EA1F499F-E8A1-42FF-BA28-1F6544B82BE8}.Release|Any CPU.Build.0 = Release|Any CPU
		{EA1F499F-E8A1-42FF-BA28-1F6544B82BE8}.Release|x64.ActiveCfg = Release|Any CPU
		{EA1F499F-E8A1-42FF-BA28-1F6544B82BE8}.Release|x64.Build.0 = Release|Any CPU
		{EA1F499F-E8A1-42FF-BA28-1F6544B82BE8}.Release|x86.ActiveCfg = Release|Any CPU
		{EA1F499F-E8A1-42FF-BA28-1F6544B82BE8}.Release|x86.Build.0 = Release|Any CPU
	EndGlobalSection
	GlobalSection(SolutionProperties) = preSolution
		HideSolutionNode = FALSE
	EndGlobalSection
	GlobalSection(NestedProjects) = preSolution
		{485486DE-B786-4668-AAF2-6A2404A1EEB4} = {827E0CD3-B72D-47B6-A68D-7590B98EB39B}
		{89534A49-B313-4B8D-AAE5-6EE6004941CB} = {827E0CD3-B72D-47B6-A68D-7590B98EB39B}
		{1102A211-5A62-432D-8298-C1045CF78D95} = {827E0CD3-B72D-47B6-A68D-7590B98EB39B}
		{431634C7-9F13-4FAB-ACCB-9DBE1E975CDF} = {827E0CD3-B72D-47B6-A68D-7590B98EB39B}
		{E8370714-14E2-4B35-B003-BE7D80F7DF41} = {827E0CD3-B72D-47B6-A68D-7590B98EB39B}
		{CB2B2907-E478-4CF0-9284-14AFC4E5B8EF} = {0AB3BF05-4346-4AA6-1389-037BE0695223}
		{C3A109A5-B217-44E2-905F-C4A8D90E3AB0} = {0AB3BF05-4346-4AA6-1389-037BE0695223}
		{D60C0E6E-86FB-4FCB-ABC1-3EBDD0C9561A} = {0AB3BF05-4346-4AA6-1389-037BE0695223}
		{C1AB0130-221B-4498-BEBE-C928A77B157F} = {0AB3BF05-4346-4AA6-1389-037BE0695223}
		{AA1D86D7-68D2-49E4-A6B3-DAFF573051A7} = {0AB3BF05-4346-4AA6-1389-037BE0695223}
	EndGlobalSection
EndGlobal
